{
  "version": 4,
  "terraform_version": "1.14.3",
  "serial": 6,
  "lineage": "bdb89dcd-9459-e492-6795-9efb9d62d243",
  "outputs": {},
  "resources": [
    {
      "mode": "managed",
      "type": "kubernetes_namespace_v1",
      "name": "app",
      "provider": "provider[\"registry.terraform.io/hashicorp/kubernetes\"]",
      "instances": [
        {
          "schema_version": 0,
          "attributes": {
            "id": "app",
            "metadata": [
              {
                "annotations": null,
                "generate_name": "",
                "generation": 0,
                "labels": null,
                "name": "app",
                "resource_version": "289",
                "uid": "12b4c4fa-94ec-4350-9274-5e3d564388d9"
              }
            ],
            "timeouts": null,
            "wait_for_default_service_account": false
          },
          "sensitive_attributes": [],
          "identity_schema_version": 1,
          "identity": {
            "api_version": "v1",
            "kind": "Namespace",
            "name": "app"
          },
          "private": "eyJlMmJmYjczMC1lY2FhLTExZTYtOGY4OC0zNDM2M2JjN2M0YzAiOnsiZGVsZXRlIjozMDAwMDAwMDAwMDB9fQ==",
          "dependencies": [
            "minikube_cluster.docker"
          ]
        }
      ]
    },
    {
      "mode": "managed",
      "type": "kubernetes_secret_v1",
      "name": "cstrader_env",
      "provider": "provider[\"registry.terraform.io/hashicorp/kubernetes\"]",
      "instances": [
        {
          "schema_version": 0,
          "attributes": {
            "binary_data": null,
            "binary_data_wo": null,
            "binary_data_wo_revision": null,
            "data": {
              "ACCESS_TOKEN_EXPIRE_MINUTES": "MTIw",
              "ADMIN_EMAIL": "YWRtaW5AY3N0cmFkZXIuY29t",
              "ADMIN_NAME": "U3lzdGVtIEFkbWlu",
              "ADMIN_PASSWORD": "U3VwZXJTZWN1cmVBZG1pbjEyMyE=",
              "ALGORITHM": "SFMyNTY=",
              "DATABASE_DRIVER": "cG9zdGdyZXNxbA==",
              "DATABASE_HOST": "ZGF0YWJhc2U=",
              "DATABASE_NAME": "ZGI=",
              "DATABASE_PASSWORD": "cGFzc3dvcmQ=",
              "DATABASE_PORT": "NTQzMg==",
              "DATABASE_USERNAME": "dXNlcg==",
              "SECRET_KEY": "VU1BX0NIQVZFX01VSVRPX1NFR1VSQQ=="
            },
            "data_wo": null,
            "data_wo_revision": null,
            "id": "app/cstarder-env",
            "immutable": false,
            "metadata": [
              {
                "annotations": null,
                "generate_name": "",
                "generation": 0,
                "labels": null,
                "name": "cstarder-env",
                "namespace": "app",
                "resource_version": "291",
                "uid": "7d84b834-ae31-4a09-84c8-7592f7179184"
              }
            ],
            "timeouts": null,
            "type": "Opaque",
            "wait_for_service_account_token": true
          },
          "sensitive_attributes": [
            [
              {
                "type": "get_attr",
                "value": "binary_data"
              }
            ],
            [
              {
                "type": "get_attr",
                "value": "data"
              }
            ],
            [
              {
                "type": "get_attr",
                "value": "data"
              },
              {
                "type": "index",
                "value": {
                  "value": "ADMIN_PASSWORD",
                  "type": "string"
                }
              }
            ],
            [
              {
                "type": "get_attr",
                "value": "data"
              },
              {
                "type": "index",
                "value": {
                  "value": "DATABASE_PASSWORD",
                  "type": "string"
                }
              }
            ],
            [
              {
                "type": "get_attr",
                "value": "data"
              },
              {
                "type": "index",
                "value": {
                  "value": "DATABASE_USERNAME",
                  "type": "string"
                }
              }
            ],
            [
              {
                "type": "get_attr",
                "value": "data"
              },
              {
                "type": "index",
                "value": {
                  "value": "SECRET_KEY",
                  "type": "string"
                }
              }
            ]
          ],
          "identity_schema_version": 1,
          "identity": {
            "api_version": "v1",
            "kind": "Secret",
            "name": "cstarder-env",
            "namespace": "app"
          },
          "private": "eyJlMmJmYjczMC1lY2FhLTExZTYtOGY4OC0zNDM2M2JjN2M0YzAiOnsiY3JlYXRlIjo2MDAwMDAwMDAwMH19",
          "dependencies": [
            "kubernetes_namespace_v1.app",
            "minikube_cluster.docker"
          ]
        }
      ]
    },
    {
      "mode": "managed",
      "type": "kubernetes_secret_v1",
      "name": "db_credentials",
      "provider": "provider[\"registry.terraform.io/hashicorp/kubernetes\"]",
      "instances": [
        {
          "schema_version": 0,
          "attributes": {
            "binary_data": null,
            "binary_data_wo": null,
            "binary_data_wo_revision": null,
            "data": {
              "dbname": "ZGI=",
              "password": "cGFzc3dvcmQ=",
              "username": "dXNlcg=="
            },
            "data_wo": null,
            "data_wo_revision": null,
            "id": "app/db-credentials",
            "immutable": false,
            "metadata": [
              {
                "annotations": null,
                "generate_name": "",
                "generation": 0,
                "labels": null,
                "name": "db-credentials",
                "namespace": "app",
                "resource_version": "290",
                "uid": "3500ceae-c7e6-4ec8-9234-6f68efc88e54"
              }
            ],
            "timeouts": null,
            "type": "Opaque",
            "wait_for_service_account_token": true
          },
          "sensitive_attributes": [
            [
              {
                "type": "get_attr",
                "value": "binary_data"
              }
            ],
            [
              {
                "type": "get_attr",
                "value": "data"
              }
            ],
            [
              {
                "type": "get_attr",
                "value": "data"
              },
              {
                "type": "index",
                "value": {
                  "value": "password",
                  "type": "string"
                }
              }
            ],
            [
              {
                "type": "get_attr",
                "value": "data"
              },
              {
                "type": "index",
                "value": {
                  "value": "username",
                  "type": "string"
                }
              }
            ]
          ],
          "identity_schema_version": 1,
          "identity": {
            "api_version": "v1",
            "kind": "Secret",
            "name": "db-credentials",
            "namespace": "app"
          },
          "private": "eyJlMmJmYjczMC1lY2FhLTExZTYtOGY4OC0zNDM2M2JjN2M0YzAiOnsiY3JlYXRlIjo2MDAwMDAwMDAwMH19",
          "dependencies": [
            "kubernetes_namespace_v1.app",
            "minikube_cluster.docker"
          ]
        }
      ]
    },
    {
      "mode": "managed",
      "type": "kubernetes_stateful_set_v1",
      "name": "database",
      "provider": "provider[\"registry.terraform.io/hashicorp/kubernetes\"]",
      "instances": [
        {
          "schema_version": 1,
          "attributes": {
            "id": "app/database",
            "metadata": [
              {
                "annotations": null,
                "generate_name": "",
                "generation": 1,
                "labels": {
                  "app": "database"
                },
                "name": "database",
                "namespace": "app",
                "resource_version": "416",
                "uid": "a9204faa-5258-4b10-916a-fd62b1e0d3be"
              }
            ],
            "spec": [
              {
                "min_ready_seconds": 0,
                "persistent_volume_claim_retention_policy": [
                  {
                    "when_deleted": "Retain",
                    "when_scaled": "Retain"
                  }
                ],
                "pod_management_policy": "OrderedReady",
                "replicas": "1",
                "revision_history_limit": 0,
                "selector": [
                  {
                    "match_expressions": [],
                    "match_labels": {
                      "app": "database"
                    }
                  }
                ],
                "service_name": "database",
                "template": [
                  {
                    "metadata": [
                      {
                        "annotations": null,
                        "generate_name": "",
                        "generation": 0,
                        "labels": {
                          "app": "database"
                        },
                        "name": "",
                        "namespace": "",
                        "resource_version": "",
                        "uid": ""
                      }
                    ],
                    "spec": [
                      {
                        "active_deadline_seconds": 0,
                        "affinity": [],
                        "automount_service_account_token": true,
                        "container": [
                          {
                            "args": null,
                            "command": null,
                            "env": [
                              {
                                "name": "POSTGRES_USER",
                                "value": "",
                                "value_from": [
                                  {
                                    "config_map_key_ref": [],
                                    "field_ref": [],
                                    "resource_field_ref": [],
                                    "secret_key_ref": [
                                      {
                                        "key": "username",
                                        "name": "db-credentials",
                                        "optional": false
                                      }
                                    ]
                                  }
                                ]
                              },
                              {
                                "name": "POSTGRES_PASSWORD",
                                "value": "",
                                "value_from": [
                                  {
                                    "config_map_key_ref": [],
                                    "field_ref": [],
                                    "resource_field_ref": [],
                                    "secret_key_ref": [
                                      {
                                        "key": "password",
                                        "name": "db-credentials",
                                        "optional": false
                                      }
                                    ]
                                  }
                                ]
                              },
                              {
                                "name": "POSTGRES_DB",
                                "value": "",
                                "value_from": [
                                  {
                                    "config_map_key_ref": [],
                                    "field_ref": [],
                                    "resource_field_ref": [],
                                    "secret_key_ref": [
                                      {
                                        "key": "dbname",
                                        "name": "db-credentials",
                                        "optional": false
                                      }
                                    ]
                                  }
                                ]
                              }
                            ],
                            "env_from": [],
                            "image": "postgres:17",
                            "image_pull_policy": "IfNotPresent",
                            "lifecycle": [],
                            "liveness_probe": [],
                            "name": "postgres",
                            "port": [
                              {
                                "container_port": 5432,
                                "host_ip": "",
                                "host_port": 0,
                                "name": "postgres",
                                "protocol": "TCP"
                              }
                            ],
                            "readiness_probe": [],
                            "resources": [
                              {
                                "limits": {},
                                "requests": {}
                              }
                            ],
                            "restart_policy": "",
                            "security_context": [],
                            "startup_probe": [],
                            "stdin": false,
                            "stdin_once": false,
                            "termination_message_path": "/dev/termination-log",
                            "termination_message_policy": "File",
                            "tty": false,
                            "volume_device": [],
                            "volume_mount": [
                              {
                                "mount_path": "/var/lib/postgresql/data",
                                "mount_propagation": "None",
                                "name": "postgres-data",
                                "read_only": false,
                                "sub_path": "",
                                "sub_path_expr": ""
                              }
                            ],
                            "working_dir": ""
                          }
                        ],
                        "dns_config": [],
                        "dns_policy": "ClusterFirst",
                        "enable_service_links": true,
                        "host_aliases": [],
                        "host_ipc": false,
                        "host_network": false,
                        "host_pid": false,
                        "hostname": "",
                        "image_pull_secrets": [],
                        "init_container": [],
                        "node_name": "",
                        "node_selector": null,
                        "os": [],
                        "priority_class_name": "",
                        "readiness_gate": [],
                        "restart_policy": "Always",
                        "runtime_class_name": "",
                        "scheduler_name": "default-scheduler",
                        "security_context": [],
                        "service_account_name": "",
                        "share_process_namespace": false,
                        "subdomain": "",
                        "termination_grace_period_seconds": 30,
                        "toleration": [],
                        "topology_spread_constraint": [],
                        "volume": []
                      }
                    ]
                  }
                ],
                "update_strategy": [],
                "volume_claim_template": [
                  {
                    "metadata": [
                      {
                        "annotations": null,
                        "generate_name": "",
                        "generation": 0,
                        "labels": null,
                        "name": "postgres-data",
                        "namespace": "default",
                        "resource_version": "",
                        "uid": ""
                      }
                    ],
                    "spec": [
                      {
                        "access_modes": [
                          "ReadWriteOnce"
                        ],
                        "resources": [
                          {
                            "limits": null,
                            "requests": {
                              "storage": "1Gi"
                            }
                          }
                        ],
                        "selector": [],
                        "storage_class_name": "",
                        "volume_mode": "Filesystem",
                        "volume_name": ""
                      }
                    ]
                  }
                ]
              }
            ],
            "timeouts": null,
            "wait_for_rollout": true
          },
          "sensitive_attributes": [],
          "identity_schema_version": 1,
          "identity": {
            "api_version": "apps/v1",
            "kind": "StatefulSet",
            "name": "database",
            "namespace": "app"
          },
          "private": "eyJlMmJmYjczMC1lY2FhLTExZTYtOGY4OC0zNDM2M2JjN2M0YzAiOnsiY3JlYXRlIjo2MDAwMDAwMDAwMDAsImRlbGV0ZSI6NjAwMDAwMDAwMDAwLCJyZWFkIjo2MDAwMDAwMDAwMDAsInVwZGF0ZSI6NjAwMDAwMDAwMDAwfSwic2NoZW1hX3ZlcnNpb24iOiIxIn0=",
          "dependencies": [
            "kubernetes_namespace_v1.app",
            "kubernetes_secret_v1.db_credentials",
            "minikube_cluster.docker"
          ]
        }
      ]
    },
    {
      "mode": "managed",
      "type": "minikube_cluster",
      "name": "docker",
      "provider": "provider[\"registry.terraform.io/scott-the-programmer/minikube\"]",
      "instances": [
        {
          "schema_version": 0,
          "attributes": {
            "addons": [
              "default-storageclass",
              "storage-provisioner"
            ],
            "apiserver_ips": null,
            "apiserver_name": "minikubeCA",
            "apiserver_names": [],
            "apiserver_port": 8443,
            "auto_pause_interval": 1,
            "auto_update_drivers": true,
            "base_image": "gcr.io/k8s-minikube/kicbase:v0.0.48@sha256:7171c97a51623558720f8e5878e4f4637da093e2f2ed589997bedc6c1549b2b1",
            "binary_mirror": null,
            "cache_images": true,
            "cert_expiration": 1576800,
            "client_certificate": "-----BEGIN CERTIFICATE-----\nMIIDITCCAgmgAwIBAgIBAjANBgkqhkiG9w0BAQsFADAVMRMwEQYDVQQDEwptaW5p\na3ViZUNBMB4XDTI2MDExMzIxMjkyMVoXDTI5MDExMzIxMjkyMVowMTEXMBUGA1UE\nChMOc3lzdGVtOm1hc3RlcnMxFjAUBgNVBAMTDW1pbmlrdWJlLXVzZXIwggEiMA0G\nCSqGSIb3DQEBAQUAA4IBDwAwggEKAoIBAQCzjBNUYZIGKMHi8Hi2LYhLKEamfak3\nmfxxmnDqe6Jw9mrHusVqLWv4r4qzjUGedEggLE6629xI4KKCuXLY5u4zlWKm6fU6\nCcGZy9b7O4sfGaoRRcgRxygHh6O+WWYkuS/ENuu/rV0wDwi6SuOgTStbiuH6y55Q\nPj02nj611DFFwl1eoz844PO/hBuY1eezo2spGZFoyjilBaazeoOh3+VoBdOa2tyg\n/0knZsAj00ENzXvPGwDoXo2Pd4F7aGms8Ktfeh+hKWhXaf1csIvk+eZXO5DCzpIm\naKXxjZ30e/Y+WmOktihkHQKzSre/y/lhBJ64tHgw6LHkdFNIhgBFZ5QnAgMBAAGj\nYDBeMA4GA1UdDwEB/wQEAwIFoDAdBgNVHSUEFjAUBggrBgEFBQcDAQYIKwYBBQUH\nAwIwDAYDVR0TAQH/BAIwADAfBgNVHSMEGDAWgBTUSE8CSwUoms35Sqf2TTuWeD6H\nfDANBgkqhkiG9w0BAQsFAAOCAQEAaKsBiOvs7m6rLExw8TUpzJgWrrj0vQPx0wMY\n32IRFJ4R27xo21z2YsGJLsXBXpOGw05O0LTXs2UEJh7g/c+SC2BQRzVNEA1gIhCf\nkMell+D92Ru4WdDNeplgjh+RjC54oB/wb/2WcMhUdL5A1fqIB1NpQB9XKXjlZ5ex\ne3NE9Vs/ee0SDweYaPwEECg6qHHnQJ88t2UXOxPwqN/m+uKrkQB3+CbSWIT98QXJ\n81sqHdtOH2oceq3/tlQaCeZlKymRfXWNY0WN9Xt1kgx/sg5Tn/8YPyySEr+g+Q06\npdXqJxHSZ/mfZdisSQsiS9fbRX8VF9XbnFCpxeYLubvv5ZGEdQ==\n-----END CERTIFICATE-----\n",
            "client_key": "-----BEGIN RSA PRIVATE KEY-----\nMIIEogIBAAKCAQEAs4wTVGGSBijB4vB4ti2ISyhGpn2pN5n8cZpw6nuicPZqx7rF\nai1r+K+Ks41BnnRIICxOutvcSOCigrly2ObuM5Vipun1OgnBmcvW+zuLHxmqEUXI\nEccoB4ejvllmJLkvxDbrv61dMA8IukrjoE0rW4rh+sueUD49Np4+tdQxRcJdXqM/\nOODzv4QbmNXns6NrKRmRaMo4pQWms3qDod/laAXTmtrcoP9JJ2bAI9NBDc17zxsA\n6F6Nj3eBe2hprPCrX3ofoSloV2n9XLCL5PnmVzuQws6SJmil8Y2d9Hv2PlpjpLYo\nZB0Cs0q3v8v5YQSeuLR4MOix5HRTSIYARWeUJwIDAQABAoIBAEJ888eCnj2TqEDu\nxfTIpbkXQBp1XE2Pw3EaPQhIIl5skhxGaMap7VrZPqbA/3S7IN5xKfJ+anO+Y8++\n9u2ljr4harfe2YXViRD38DN22Ez7BwSAb9dNheBL9XIOzwl4Xlzt7Z08iM68MoIy\nK1r4WL78jjR+ZLDYa3inXxecbWakNUdMVhg/6K8XF+v7o4bLcdKPsRfSSQ5Vx/Lr\nHW2swDd7NjzS0EmcYGd5pA28K/pJCJyhP267QSQPXfNWoRBCLuE6YD4jIcRaZCcx\nAIjsZBwmGt3ejAXjYixcR6cJbRZXLd+ZricVrWVoFwEnG6F7o5nVnrU+Ymt9S39x\nwlDIMpkCgYEAy1iEKviuzFZ1HhPgr1flJE8VsR8GIvoogsT/dNizZWdqG4jpOGIl\nVWESlBxL0HkQeBeMBjy0EAletzk9w2FtXI9KW21OUC0L3VJMISAQ35dqaPc+ZJy7\ny4sjt5sIYKFzrfE/T60ETDlCAKLELfML5vq9huX2kq/zzPlsO6L30p0CgYEA4gn8\ndy2pirafoV4PVSwQjE1uQsCcd0wWfTzgQXvcyV/2LMGrdi/ClllKBNEg3quTWWqD\no5KFlSuLMBCFANVYw7pOcmTe1xDkO44pZBJbj5lYN6u79Hy9EL+QdEZ5WmV8ymjx\nulaUg8T8cXA8Pma7g8vq+ZMgtRQfEVnF4QEM9JMCgYBZZmAtOEo5YiV5hMm6rUz7\nyp1B0t7yz8Kxw4SATamJgo7e7jGC7Xt2bwgo/8vBKwi3k7qnH1cW2de/fDYQSSw4\njnLlgUf17egSdNUtlxh0BPDulwziVRonYdPhLBLh0Pm31qG8GNgT3vSKrQTNItbv\nxPtAbKgcU6k/S8Vu7rY/7QKBgGm9hi8yWzeayv4wBDgxzuPzbPspI4jjPToE+ltn\n2BcUHxM83jsBiKPQzUGHmzrPRLT1kPM6Hed0YT5w2+dR5p5ZT01QRraRHlOF43L+\n63o3n/8bBWgP2lo1Yxwhw683/rKpeTtUOVGTGwzuFiCS6nFzOU7bNte+u/Hf7yOc\n3DSlAoGAfxEFOFA+jGBFc0rlVteBMf6R07lwAuoNdLnmVaAR9k9WP/fMJRpKwClc\ns8WoX70kwd2c8Pvg0lwo7PyJ903QsgUkbTyUT/wX2NtB0quQUJ/X2oMyexB2N5N6\n38vxVq2Nexh0anvE3TUrTKFn+iVumXTR0MVc4FNZVo5D+62OUSg=\n-----END RSA PRIVATE KEY-----\n",
            "cluster_ca_certificate": "-----BEGIN CERTIFICATE-----\nMIIDBjCCAe6gAwIBAgIBATANBgkqhkiG9w0BAQsFADAVMRMwEQYDVQQDEwptaW5p\na3ViZUNBMB4XDTI2MDEwNDIwNDUwOFoXDTM2MDEwMzIwNDUwOFowFTETMBEGA1UE\nAxMKbWluaWt1YmVDQTCCASIwDQYJKoZIhvcNAQEBBQADggEPADCCAQoCggEBAM/S\noGRV6AJdW1gLkOUnkNoiAiJ+Qt7gqJWgCs7A497PW2YaSc1jG5e0uTFv2cyfka6+\nyoHahRq35LSqj91IowaGEKPn6iCQejzSbzli06qoBsYqrLTTbbCXdqRYo5HEvN1b\nWqXnHHt1LR5AvXHhyjUhUd++CZPxU84voxaGsCxOleG06SS6gVG+tZGe68tIW+5H\n2YBT/59firqMYSnntUQm7JcUThREdNh9pRMHnlIwh1yAHB9xCwwv/WsmD0PsEDiU\n5jMOOaHIzGjzf33DXZNZBt0dNGPsMy2eJ24G6s2uT66pczfOLAHXx60fpkrbaT5m\n7P4F0nlZhAqyI6huwHkCAwEAAaNhMF8wDgYDVR0PAQH/BAQDAgKkMB0GA1UdJQQW\nMBQGCCsGAQUFBwMCBggrBgEFBQcDATAPBgNVHRMBAf8EBTADAQH/MB0GA1UdDgQW\nBBTUSE8CSwUoms35Sqf2TTuWeD6HfDANBgkqhkiG9w0BAQsFAAOCAQEALNKXIzSw\npmLixO8t5c2y3aP/SswAQw8stVAnVPV2gxx5RqaFi7giYHlA94C15XoRWB3rqPeb\nGjL2ommwNZh0rG++KgGqOIDktITX/jOLpXY969o9hOY5qaVOefKGS4yaH1VIalF9\nUvk0O6o+9TlS1xAlPWYoMPTQH6p6sR9Z2J8QGaXW/M3bPKosFkv2cLPCtrsBFKhq\nLZcV3R1FzC+Z6Yg1DSR6i1ANZNTYpmjb/IcMctU3YrELgAx57WWk9ayIJpPlLMXn\nRQmPy8Ls4d5KJdwjnafKC7zKxqp3n0XpUFw0auL6clc47W4ZRSL3ca0VLbYUZRKQ\nb8jDQJzHSobMow==\n-----END CERTIFICATE-----\n",
            "cluster_name": "terraform-provider-minikube-acc-docker",
            "cni": "",
            "container_runtime": "docker",
            "cpus": "2",
            "cri_socket": "",
            "delete_on_failure": false,
            "disable_coredns_log": false,
            "disable_driver_mounts": false,
            "disable_metrics": false,
            "disable_optimizations": false,
            "disk_size": "20000mb",
            "dns_domain": "cluster.local",
            "dns_proxy": false,
            "docker_env": null,
            "docker_opt": null,
            "download_only": false,
            "driver": "docker",
            "dry_run": false,
            "embed_certs": false,
            "extra_config": null,
            "extra_disks": 0,
            "feature_gates": "",
            "force": false,
            "force_systemd": false,
            "gpus": null,
            "ha": false,
            "host": "https://192.168.58.2:8443",
            "host_dns_resolver": true,
            "host_only_cidr": "192.168.59.1/24",
            "host_only_nic_type": "virtio",
            "hyperkit_vpnkit_sock": "",
            "hyperkit_vsock_ports": [],
            "hyperv_external_adapter": "",
            "hyperv_use_external_switch": false,
            "hyperv_virtual_switch": "",
            "id": "terraform-provider-minikube-acc-docker",
            "image_mirror_country": null,
            "image_repository": "",
            "insecure_registry": [],
            "install_addons": true,
            "interactive": true,
            "iso_url": [
              "https://github.com/kubernetes/minikube/releases/download/v1.37.0/minikube-v1.37.0-amd64.iso"
            ],
            "keep_context": false,
            "kubernetes_version": null,
            "kvm_gpu": false,
            "kvm_hidden": false,
            "kvm_network": "default",
            "kvm_numa_count": 1,
            "kvm_qemu_uri": "qemu:///system",
            "listen_address": "",
            "memory": "4096mb",
            "mount": false,
            "mount_9p_version": "9p2000.L",
            "mount_gid": "docker",
            "mount_ip": null,
            "mount_msize": 262144,
            "mount_options": null,
            "mount_port": 0,
            "mount_string": "/home:/minikube-host",
            "mount_type": "9p",
            "mount_uid": "docker",
            "namespace": "default",
            "nat_nic_type": "virtio",
            "native_ssh": true,
            "network": "",
            "nfs_share": [],
            "nfs_shares_root": "/nfsshares",
            "no_kubernetes": false,
            "no_vtx_check": false,
            "nodes": 1,
            "output": "text",
            "ports": [],
            "preload": true,
            "qemu_firmware_path": null,
            "registry_mirror": [],
            "service_cluster_ip_range": "10.96.0.0/12",
            "socket_vmnet_client_path": "/usr/local/opt/socket_vmnet/bin/socket_vmnet_client",
            "socket_vmnet_path": "/usr/local/var/run/socket_vmnet",
            "ssh_ip_address": "",
            "ssh_key": "",
            "ssh_port": 22,
            "ssh_user": "root",
            "static_ip": null,
            "subnet": null,
            "trace": null,
            "uuid": "",
            "vm": false,
            "wait": null,
            "wait_timeout": 6
          },
          "sensitive_attributes": [
            [
              {
                "type": "get_attr",
                "value": "client_certificate"
              }
            ],
            [
              {
                "type": "get_attr",
                "value": "client_key"
              }
            ],
            [
              {
                "type": "get_attr",
                "value": "cluster_ca_certificate"
              }
            ]
          ],
          "identity_schema_version": 0,
          "private": "bnVsbA=="
        }
      ]
    }
  ],
  "check_results": null
}
